<?xml version="1.0" encoding="utf-8"?>
<Project ToolsVersion="4.0" xmlns="http://schemas.microsoft.com/developer/msbuild/2003">
  <ItemGroup>
    <Filter Include="Source Files">
      <UniqueIdentifier>{4FC737F1-C7A5-4376-A066-2A32D752A2FF}</UniqueIdentifier>
      <Extensions>cpp;c;cc;cxx;def;odl;idl;hpj;bat;asm;asmx</Extensions>
    </Filter>
    <Filter Include="Header Files">
      <UniqueIdentifier>{93995380-89BD-4b04-88EB-625FBE52EBFB}</UniqueIdentifier>
      <Extensions>h;hh;hpp;hxx;hm;inl;inc;xsd</Extensions>
    </Filter>
    <Filter Include="Resource Files">
      <UniqueIdentifier>{67DA6AB6-F800-4c08-8B7A-83BB121AAD01}</UniqueIdentifier>
      <Extensions>rc;ico;cur;bmp;dlg;rc2;rct;bin;rgs;gif;jpg;jpeg;jpe;resx;tiff;tif;png;wav;mfcribbon-ms</Extensions>
    </Filter>
  </ItemGroup>
  <ItemGroup>
    <ClInclude Include="..\BilateralFilter.hh">
      <Filter>Header Files</Filter>
    </ClInclude>
    <ClInclude Include="..\BilateralFilterMasked.hh">
      <Filter>Header Files</Filter>
    </ClInclude>
    <ClInclude Include="..\BilateralGrid.hh">
      <Filter>Header Files</Filter>
    </ClInclude>
    <ClInclude Include="..\ConnectedComponent.hh">
      <Filter>Header Files</Filter>
    </ClInclude>
    <ClInclude Include="..\ConnectedComponentProperties.hh">
      <Filter>Header Files</Filter>
    </ClInclude>
    <ClInclude Include="..\DistanceTransform.hh">
      <Filter>Header Files</Filter>
    </ClInclude>
    <ClInclude Include="..\EulerNumber2D.hh">
      <Filter>Header Files</Filter>
    </ClInclude>
    <ClInclude Include="..\ExtremaDetector.hh">
      <Filter>Header Files</Filter>
    </ClInclude>
    <ClInclude Include="..\Filter.hh">
      <Filter>Header Files</Filter>
    </ClInclude>
    <ClInclude Include="..\Filter1D.hh">
      <Filter>Header Files</Filter>
    </ClInclude>
    <ClInclude Include="..\FilterFactory.hh">
      <Filter>Header Files</Filter>
    </ClInclude>
    <ClInclude Include="..\FilterOption.hh">
      <Filter>Header Files</Filter>
    </ClInclude>
    <ClInclude Include="..\Filters.hh">
      <Filter>Header Files</Filter>
    </ClInclude>
    <ClInclude Include="..\FloodFill.hh">
      <Filter>Header Files</Filter>
    </ClInclude>
    <ClInclude Include="..\HitOrMiss2D.hh">
      <Filter>Header Files</Filter>
    </ClInclude>
    <ClInclude Include="..\ImprovedHarrisCorner.hh">
      <Filter>Header Files</Filter>
    </ClInclude>
    <ClInclude Include="..\Linear1DFilter.hh">
      <Filter>Header Files</Filter>
    </ClInclude>
    <ClInclude Include="..\MedianFilter.hh">
      <Filter>Header Files</Filter>
    </ClInclude>
    <ClInclude Include="..\MedianTable.hh">
      <Filter>Header Files</Filter>
    </ClInclude>
    <ClInclude Include="..\MorphologicalOps.hh">
      <Filter>Header Files</Filter>
    </ClInclude>
    <ClInclude Include="..\Prune2D.hh">
      <Filter>Header Files</Filter>
    </ClInclude>
    <ClInclude Include="..\SeparableFilter.hh">
      <Filter>Header Files</Filter>
    </ClInclude>
    <ClInclude Include="..\SimpleEdgeFilter.hh">
      <Filter>Header Files</Filter>
    </ClInclude>
    <ClInclude Include="..\SobelFilter.hh">
      <Filter>Header Files</Filter>
    </ClInclude>
    <ClInclude Include="..\Thinning2D.hh">
      <Filter>Header Files</Filter>
    </ClInclude>
    <ClInclude Include="..\Thinning3D.hh">
      <Filter>Header Files</Filter>
    </ClInclude>
    <ClInclude Include="..\UnsharpMasking.hh">
      <Filter>Header Files</Filter>
    </ClInclude>
  </ItemGroup>
  <ItemGroup>
    <ClCompile Include="..\BilateralFilter.C">
      <Filter>Source Files</Filter>
    </ClCompile>
    <ClCompile Include="..\BilateralFilterMasked.C">
      <Filter>Source Files</Filter>
    </ClCompile>
    <ClCompile Include="..\BilateralGrid.C">
      <Filter>Source Files</Filter>
    </ClCompile>
    <ClCompile Include="..\ConnectedComponent.C">
      <Filter>Source Files</Filter>
    </ClCompile>
    <ClCompile Include="..\ConnectedComponentProperties.C">
      <Filter>Source Files</Filter>
    </ClCompile>
    <ClCompile Include="..\DistanceTransform.C">
      <Filter>Source Files</Filter>
    </ClCompile>
    <ClCompile Include="..\EulerNumber2D.C">
      <Filter>Source Files</Filter>
    </ClCompile>
    <ClCompile Include="..\ExtremaDetector.C">
      <Filter>Source Files</Filter>
    </ClCompile>
    <ClCompile Include="..\Filter.C">
      <Filter>Source Files</Filter>
    </ClCompile>
    <ClCompile Include="..\Filter1D.C">
      <Filter>Source Files</Filter>
    </ClCompile>
    <ClCompile Include="..\FilterFactory.C">
      <Filter>Source Files</Filter>
    </ClCompile>
    <ClCompile Include="..\FilterOption.C">
      <Filter>Source Files</Filter>
    </ClCompile>
    <ClCompile Include="..\FloodFill.C">
      <Filter>Source Files</Filter>
    </ClCompile>
    <ClCompile Include="..\HitOrMiss2D.C">
      <Filter>Source Files</Filter>
    </ClCompile>
    <ClCompile Include="..\ImprovedHarrisCorner.C">
      <Filter>Source Files</Filter>
    </ClCompile>
    <ClCompile Include="..\Linear1DFilter.C">
      <Filter>Source Files</Filter>
    </ClCompile>
    <ClCompile Include="..\MedianFilter.C">
      <Filter>Source Files</Filter>
    </ClCompile>
    <ClCompile Include="..\MedianTable.C">
      <Filter>Source Files</Filter>
    </ClCompile>
    <ClCompile Include="..\MorphologicalOps.C">
      <Filter>Source Files</Filter>
    </ClCompile>
    <ClCompile Include="..\Prune2D.C">
      <Filter>Source Files</Filter>
    </ClCompile>
    <ClCompile Include="..\SeparableFilter.C">
      <Filter>Source Files</Filter>
    </ClCompile>
    <ClCompile Include="..\SimpleEdgeFilter.C">
      <Filter>Source Files</Filter>
    </ClCompile>
    <ClCompile Include="..\SobelFilter.C">
      <Filter>Source Files</Filter>
    </ClCompile>
    <ClCompile Include="..\Thinning2D.C">
      <Filter>Source Files</Filter>
    </ClCompile>
    <ClCompile Include="..\Thinning3D.C">
      <Filter>Source Files</Filter>
    </ClCompile>
    <ClCompile Include="..\UnsharpMasking.C">
      <Filter>Source Files</Filter>
    </ClCompile>
  </ItemGroup>
</Project>